// !$*UTF8*$!
{
	archiveVersion = 1;
	classes = {
	};
	objectVersion = 50;
	objects = {

/* Begin PBXBuildFile section */
		BC07ED0821C9F06B007FD220 /* Level_0-1.sks in Resources */ = {isa = PBXBuildFile; fileRef = BC07ED0721C9F06B007FD220 /* Level_0-1.sks */; };
		BC07ED0B21C9F187007FD220 /* TileSets.sks in Resources */ = {isa = PBXBuildFile; fileRef = BC07ED0A21C9F187007FD220 /* TileSets.sks */; };
		BC07ED0E21C9F76C007FD220 /* SKNode+Extensions.swift in Sources */ = {isa = PBXBuildFile; fileRef = BC07ED0D21C9F76C007FD220 /* SKNode+Extensions.swift */; };
		BC07ED1121CAEBB7007FD220 /* Layer.swift in Sources */ = {isa = PBXBuildFile; fileRef = BC07ED1021CAEBB7007FD220 /* Layer.swift */; };
		BC07ED1321CAF98E007FD220 /* RepeatingLayer.swift in Sources */ = {isa = PBXBuildFile; fileRef = BC07ED1221CAF98E007FD220 /* RepeatingLayer.swift */; };
		BC07ED1521CAFE04007FD220 /* GameConstants.swift in Sources */ = {isa = PBXBuildFile; fileRef = BC07ED1421CAFE04007FD220 /* GameConstants.swift */; };
		BC07ED1821CB00F0007FD220 /* Player.swift in Sources */ = {isa = PBXBuildFile; fileRef = BC07ED1721CB00F0007FD220 /* Player.swift */; };
		BC489B8B21CD5606008994D4 /* AnimationHelper.swift in Sources */ = {isa = PBXBuildFile; fileRef = BC489B8A21CD5606008994D4 /* AnimationHelper.swift */; };
		BC5CB41321C8223600F3DA50 /* AppDelegate.swift in Sources */ = {isa = PBXBuildFile; fileRef = BC5CB41221C8223600F3DA50 /* AppDelegate.swift */; };
		BC5CB41921C8223600F3DA50 /* GameScene.swift in Sources */ = {isa = PBXBuildFile; fileRef = BC5CB41821C8223600F3DA50 /* GameScene.swift */; };
		BC5CB41B21C8223600F3DA50 /* GameViewController.swift in Sources */ = {isa = PBXBuildFile; fileRef = BC5CB41A21C8223600F3DA50 /* GameViewController.swift */; };
		BC5CB41E21C8223600F3DA50 /* Main.storyboard in Resources */ = {isa = PBXBuildFile; fileRef = BC5CB41C21C8223600F3DA50 /* Main.storyboard */; };
		BC5CB42021C8223800F3DA50 /* Assets.xcassets in Resources */ = {isa = PBXBuildFile; fileRef = BC5CB41F21C8223800F3DA50 /* Assets.xcassets */; };
		BC5CB42321C8223800F3DA50 /* LaunchScreen.storyboard in Resources */ = {isa = PBXBuildFile; fileRef = BC5CB42121C8223800F3DA50 /* LaunchScreen.storyboard */; };
		BCAB1FCE21CC3AD10089E485 /* PhysicsHelper.swift in Sources */ = {isa = PBXBuildFile; fileRef = BCAB1FCD21CC3AD10089E485 /* PhysicsHelper.swift */; };
		BCAB1FD021CC44D50089E485 /* GroundNode.swift in Sources */ = {isa = PBXBuildFile; fileRef = BCAB1FCF21CC44D50089E485 /* GroundNode.swift */; };
/* End PBXBuildFile section */

/* Begin PBXFileReference section */
		BC07ED0721C9F06B007FD220 /* Level_0-1.sks */ = {isa = PBXFileReference; lastKnownFileType = file.sks; path = "Level_0-1.sks"; sourceTree = "<group>"; };
		BC07ED0A21C9F187007FD220 /* TileSets.sks */ = {isa = PBXFileReference; lastKnownFileType = file.sks; path = TileSets.sks; sourceTree = "<group>"; };
		BC07ED0D21C9F76C007FD220 /* SKNode+Extensions.swift */ = {isa = PBXFileReference; lastKnownFileType = sourcecode.swift; path = "SKNode+Extensions.swift"; sourceTree = "<group>"; };
		BC07ED1021CAEBB7007FD220 /* Layer.swift */ = {isa = PBXFileReference; lastKnownFileType = sourcecode.swift; path = Layer.swift; sourceTree = "<group>"; };
		BC07ED1221CAF98E007FD220 /* RepeatingLayer.swift */ = {isa = PBXFileReference; lastKnownFileType = sourcecode.swift; path = RepeatingLayer.swift; sourceTree = "<group>"; };
		BC07ED1421CAFE04007FD220 /* GameConstants.swift */ = {isa = PBXFileReference; lastKnownFileType = sourcecode.swift; path = GameConstants.swift; sourceTree = "<group>"; };
		BC07ED1721CB00F0007FD220 /* Player.swift */ = {isa = PBXFileReference; lastKnownFileType = sourcecode.swift; path = Player.swift; sourceTree = "<group>"; };
		BC489B8A21CD5606008994D4 /* AnimationHelper.swift */ = {isa = PBXFileReference; lastKnownFileType = sourcecode.swift; path = AnimationHelper.swift; sourceTree = "<group>"; };
		BC5CB40F21C8223600F3DA50 /* The Runner.app */ = {isa = PBXFileReference; explicitFileType = wrapper.application; includeInIndex = 0; path = "The Runner.app"; sourceTree = BUILT_PRODUCTS_DIR; };
		BC5CB41221C8223600F3DA50 /* AppDelegate.swift */ = {isa = PBXFileReference; lastKnownFileType = sourcecode.swift; path = AppDelegate.swift; sourceTree = "<group>"; };
		BC5CB41821C8223600F3DA50 /* GameScene.swift */ = {isa = PBXFileReference; lastKnownFileType = sourcecode.swift; path = GameScene.swift; sourceTree = "<group>"; };
		BC5CB41A21C8223600F3DA50 /* GameViewController.swift */ = {isa = PBXFileReference; lastKnownFileType = sourcecode.swift; path = GameViewController.swift; sourceTree = "<group>"; };
		BC5CB41D21C8223600F3DA50 /* Base */ = {isa = PBXFileReference; lastKnownFileType = file.storyboard; name = Base; path = Base.lproj/Main.storyboard; sourceTree = "<group>"; };
		BC5CB41F21C8223800F3DA50 /* Assets.xcassets */ = {isa = PBXFileReference; lastKnownFileType = folder.assetcatalog; path = Assets.xcassets; sourceTree = "<group>"; };
		BC5CB42221C8223800F3DA50 /* Base */ = {isa = PBXFileReference; lastKnownFileType = file.storyboard; name = Base; path = Base.lproj/LaunchScreen.storyboard; sourceTree = "<group>"; };
		BC5CB42421C8223800F3DA50 /* Info.plist */ = {isa = PBXFileReference; lastKnownFileType = text.plist.xml; path = Info.plist; sourceTree = "<group>"; };
		BCAB1FCD21CC3AD10089E485 /* PhysicsHelper.swift */ = {isa = PBXFileReference; lastKnownFileType = sourcecode.swift; path = PhysicsHelper.swift; sourceTree = "<group>"; };
		BCAB1FCF21CC44D50089E485 /* GroundNode.swift */ = {isa = PBXFileReference; lastKnownFileType = sourcecode.swift; path = GroundNode.swift; sourceTree = "<group>"; };
/* End PBXFileReference section */

/* Begin PBXFrameworksBuildPhase section */
		BC5CB40C21C8223600F3DA50 /* Frameworks */ = {
			isa = PBXFrameworksBuildPhase;
			buildActionMask = 2147483647;
			files = (
			);
			runOnlyForDeploymentPostprocessing = 0;
		};
/* End PBXFrameworksBuildPhase section */

/* Begin PBXGroup section */
		BC07ED0121C9EE9F007FD220 /* Template */ = {
			isa = PBXGroup;
			children = (
				BC07ED1421CAFE04007FD220 /* GameConstants.swift */,
				BC5CB41221C8223600F3DA50 /* AppDelegate.swift */,
				BC5CB42421C8223800F3DA50 /* Info.plist */,
			);
			path = Template;
			sourceTree = "<group>";
		};
		BC07ED0221C9EEC6007FD220 /* UI */ = {
			isa = PBXGroup;
			children = (
				BC5CB41C21C8223600F3DA50 /* Main.storyboard */,
				BC5CB42121C8223800F3DA50 /* LaunchScreen.storyboard */,
			);
			path = UI;
			sourceTree = "<group>";
		};
		BC07ED0321C9EEDA007FD220 /* View Controllers */ = {
			isa = PBXGroup;
			children = (
				BC5CB41A21C8223600F3DA50 /* GameViewController.swift */,
			);
			path = "View Controllers";
			sourceTree = "<group>";
		};
		BC07ED0421C9EEE6007FD220 /* Scenes */ = {
			isa = PBXGroup;
			children = (
				BC5CB41821C8223600F3DA50 /* GameScene.swift */,
			);
			path = Scenes;
			sourceTree = "<group>";
		};
		BC07ED0521C9F014007FD220 /* Scene Editor Files */ = {
			isa = PBXGroup;
			children = (
				BC07ED0621C9F024007FD220 /* Levels */,
			);
			path = "Scene Editor Files";
			sourceTree = "<group>";
		};
		BC07ED0621C9F024007FD220 /* Levels */ = {
			isa = PBXGroup;
			children = (
				BC07ED0721C9F06B007FD220 /* Level_0-1.sks */,
			);
			path = Levels;
			sourceTree = "<group>";
		};
		BC07ED0921C9F158007FD220 /* Tiles */ = {
			isa = PBXGroup;
			children = (
				BC07ED0A21C9F187007FD220 /* TileSets.sks */,
			);
			path = Tiles;
			sourceTree = "<group>";
		};
		BC07ED0C21C9F73D007FD220 /* Extensions */ = {
			isa = PBXGroup;
			children = (
				BC07ED0D21C9F76C007FD220 /* SKNode+Extensions.swift */,
			);
			path = Extensions;
			sourceTree = "<group>";
		};
		BC07ED0F21CAEB93007FD220 /* Layers */ = {
			isa = PBXGroup;
			children = (
				BC07ED1021CAEBB7007FD220 /* Layer.swift */,
				BC07ED1221CAF98E007FD220 /* RepeatingLayer.swift */,
			);
			path = Layers;
			sourceTree = "<group>";
		};
		BC07ED1621CB00D1007FD220 /* Custom Classes */ = {
			isa = PBXGroup;
			children = (
				BC07ED1721CB00F0007FD220 /* Player.swift */,
				BCAB1FCF21CC44D50089E485 /* GroundNode.swift */,
			);
			path = "Custom Classes";
			sourceTree = "<group>";
		};
		BC5CB40621C8223600F3DA50 = {
			isa = PBXGroup;
			children = (
				BC5CB41121C8223600F3DA50 /* The Runner */,
				BC5CB41021C8223600F3DA50 /* Products */,
			);
			sourceTree = "<group>";
		};
		BC5CB41021C8223600F3DA50 /* Products */ = {
			isa = PBXGroup;
			children = (
				BC5CB40F21C8223600F3DA50 /* The Runner.app */,
			);
			name = Products;
			sourceTree = "<group>";
		};
		BC5CB41121C8223600F3DA50 /* The Runner */ = {
			isa = PBXGroup;
			children = (
				BCAB1FCC21CC3AA00089E485 /* Helper Files */,
				BC07ED1621CB00D1007FD220 /* Custom Classes */,
				BC07ED0F21CAEB93007FD220 /* Layers */,
				BC07ED0C21C9F73D007FD220 /* Extensions */,
				BC07ED0421C9EEE6007FD220 /* Scenes */,
				BC07ED0921C9F158007FD220 /* Tiles */,
				BC07ED0521C9F014007FD220 /* Scene Editor Files */,
				BC07ED0121C9EE9F007FD220 /* Template */,
				BC07ED0221C9EEC6007FD220 /* UI */,
				BC07ED0321C9EEDA007FD220 /* View Controllers */,
				BC5CB41F21C8223800F3DA50 /* Assets.xcassets */,
			);
			path = "The Runner";
			sourceTree = "<group>";
		};
		BCAB1FCC21CC3AA00089E485 /* Helper Files */ = {
			isa = PBXGroup;
			children = (
				BCAB1FCD21CC3AD10089E485 /* PhysicsHelper.swift */,
				BC489B8A21CD5606008994D4 /* AnimationHelper.swift */,
			);
			path = "Helper Files";
			sourceTree = "<group>";
		};
/* End PBXGroup section */

/* Begin PBXNativeTarget section */
		BC5CB40E21C8223600F3DA50 /* The Runner */ = {
			isa = PBXNativeTarget;
			buildConfigurationList = BC5CB42721C8223800F3DA50 /* Build configuration list for PBXNativeTarget "The Runner" */;
			buildPhases = (
				BC5CB40B21C8223600F3DA50 /* Sources */,
				BC5CB40C21C8223600F3DA50 /* Frameworks */,
				BC5CB40D21C8223600F3DA50 /* Resources */,
			);
			buildRules = (
			);
			dependencies = (
			);
			name = "The Runner";
			productName = "The Runner";
			productReference = BC5CB40F21C8223600F3DA50 /* The Runner.app */;
			productType = "com.apple.product-type.application";
		};
/* End PBXNativeTarget section */

/* Begin PBXProject section */
		BC5CB40721C8223600F3DA50 /* Project object */ = {
			isa = PBXProject;
			attributes = {
				LastSwiftUpdateCheck = 1010;
				LastUpgradeCheck = 1010;
				ORGANIZATIONNAME = "Alex Gomez";
				TargetAttributes = {
					BC5CB40E21C8223600F3DA50 = {
						CreatedOnToolsVersion = 10.1;
					};
				};
			};
			buildConfigurationList = BC5CB40A21C8223600F3DA50 /* Build configuration list for PBXProject "The Runner" */;
			compatibilityVersion = "Xcode 9.3";
			developmentRegion = en;
			hasScannedForEncodings = 0;
			knownRegions = (
				en,
				Base,
			);
			mainGroup = BC5CB40621C8223600F3DA50;
			productRefGroup = BC5CB41021C8223600F3DA50 /* Products */;
			projectDirPath = "";
			projectRoot = "";
			targets = (
				BC5CB40E21C8223600F3DA50 /* The Runner */,
			);
		};
/* End PBXProject section */

/* Begin PBXResourcesBuildPhase section */
		BC5CB40D21C8223600F3DA50 /* Resources */ = {
			isa = PBXResourcesBuildPhase;
			buildActionMask = 2147483647;
			files = (
				BC5CB41E21C8223600F3DA50 /* Main.storyboard in Resources */,
				BC07ED0821C9F06B007FD220 /* Level_0-1.sks in Resources */,
				BC07ED0B21C9F187007FD220 /* TileSets.sks in Resources */,
				BC5CB42021C8223800F3DA50 /* Assets.xcassets in Resources */,
				BC5CB42321C8223800F3DA50 /* LaunchScreen.storyboard in Resources */,
			);
			runOnlyForDeploymentPostprocessing = 0;
		};
/* End PBXResourcesBuildPhase section */

/* Begin PBXSourcesBuildPhase section */
		BC5CB40B21C8223600F3DA50 /* Sources */ = {
			isa = PBXSourcesBuildPhase;
			buildActionMask = 2147483647;
			files = (
				BC5CB41921C8223600F3DA50 /* GameScene.swift in Sources */,
				BC07ED0E21C9F76C007FD220 /* SKNode+Extensions.swift in Sources */,
				BC07ED1121CAEBB7007FD220 /* Layer.swift in Sources */,
				BC07ED1821CB00F0007FD220 /* Player.swift in Sources */,
				BC5CB41B21C8223600F3DA50 /* GameViewController.swift in Sources */,
				BC07ED1521CAFE04007FD220 /* GameConstants.swift in Sources */,
				BC489B8B21CD5606008994D4 /* AnimationHelper.swift in Sources */,
				BC5CB41321C8223600F3DA50 /* AppDelegate.swift in Sources */,
				BC07ED1321CAF98E007FD220 /* RepeatingLayer.swift in Sources */,
				BCAB1FD021CC44D50089E485 /* GroundNode.swift in Sources */,
				BCAB1FCE21CC3AD10089E485 /* PhysicsHelper.swift in Sources */,
			);
			runOnlyForDeploymentPostprocessing = 0;
		};
/* End PBXSourcesBuildPhase section */

/* Begin PBXVariantGroup section */
		BC5CB41C21C8223600F3DA50 /* Main.storyboard */ = {
			isa = PBXVariantGroup;
			children = (
				BC5CB41D21C8223600F3DA50 /* Base */,
			);
			name = Main.storyboard;
			sourceTree = "<group>";
		};
		BC5CB42121C8223800F3DA50 /* LaunchScreen.storyboard */ = {
			isa = PBXVariantGroup;
			children = (
				BC5CB42221C8223800F3DA50 /* Base */,
			);
			name = LaunchScreen.storyboard;
			sourceTree = "<group>";
		};
/* End PBXVariantGroup section */

/* Begin XCBuildConfiguration section */
		BC5CB42521C8223800F3DA50 /* Debug */ = {
			isa = XCBuildConfiguration;
			buildSettings = {
				ALWAYS_SEARCH_USER_PATHS = NO;
				CLANG_ANALYZER_NONNULL = YES;
				CLANG_ANALYZER_NUMBER_OBJECT_CONVERSION = YES_AGGRESSIVE;
				CLANG_CXX_LANGUAGE_STANDARD = "gnu++14";
				CLANG_CXX_LIBRARY = "libc++";
				CLANG_ENABLE_MODULES = YES;
				CLANG_ENABLE_OBJC_ARC = YES;
				CLANG_ENABLE_OBJC_WEAK = YES;
				CLANG_WARN_BLOCK_CAPTURE_AUTORELEASING = YES;
				CLANG_WARN_BOOL_CONVERSION = YES;
				CLANG_WARN_COMMA = YES;
				CLANG_WARN_CONSTANT_CONVERSION = YES;
				CLANG_WARN_DEPRECATED_OBJC_IMPLEMENTATIONS = YES;
				CLANG_WARN_DIRECT_OBJC_ISA_USAGE = YES_ERROR;
				CLANG_WARN_DOCUMENTATION_COMMENTS = YES;
				CLANG_WARN_EMPTY_BODY = YES;
				CLANG_WARN_ENUM_CONVERSION = YES;
				CLANG_WARN_INFINITE_RECURSION = YES;
				CLANG_WARN_INT_CONVERSION = YES;
				CLANG_WARN_NON_LITERAL_NULL_CONVERSION = YES;
				CLANG_WARN_OBJC_IMPLICIT_RETAIN_SELF = YES;
				CLANG_WARN_OBJC_LITERAL_CONVERSION = YES;
				CLANG_WARN_OBJC_ROOT_CLASS = YES_ERROR;
				CLANG_WARN_RANGE_LOOP_ANALYSIS = YES;
				CLANG_WARN_STRICT_PROTOTYPES = YES;
				CLANG_WARN_SUSPICIOUS_MOVE = YES;
				CLANG_WARN_UNGUARDED_AVAILABILITY = YES_AGGRESSIVE;
				CLANG_WARN_UNREACHABLE_CODE = YES;
				CLANG_WARN__DUPLICATE_METHOD_MATCH = YES;
				CODE_SIGN_IDENTITY = "iPhone Developer";
				COPY_PHASE_STRIP = NO;
				DEBUG_INFORMATION_FORMAT = dwarf;
				ENABLE_STRICT_OBJC_MSGSEND = YES;
				ENABLE_TESTABILITY = YES;
				GCC_C_LANGUAGE_STANDARD = gnu11;
				GCC_DYNAMIC_NO_PIC = NO;
				GCC_NO_COMMON_BLOCKS = YES;
				GCC_OPTIMIZATION_LEVEL = 0;
				GCC_PREPROCESSOR_DEFINITIONS = (
					"DEBUG=1",
					"$(inherited)",
				);
				GCC_WARN_64_TO_32_BIT_CONVERSION = YES;
				GCC_WARN_ABOUT_RETURN_TYPE = YES_ERROR;
				GCC_WARN_UNDECLARED_SELECTOR = YES;
				GCC_WARN_UNINITIALIZED_AUTOS = YES_AGGRESSIVE;
				GCC_WARN_UNUSED_FUNCTION = YES;
				GCC_WARN_UNUSED_VARIABLE = YES;
				IPHONEOS_DEPLOYMENT_TARGET = 12.1;
				MTL_ENABLE_DEBUG_INFO = INCLUDE_SOURCE;
				MTL_FAST_MATH = YES;
				ONLY_ACTIVE_ARCH = YES;
				SDKROOT = iphoneos;
				SWIFT_ACTIVE_COMPILATION_CONDITIONS = DEBUG;
				SWIFT_OPTIMIZATION_LEVEL = "-Onone";
			};
			name = Debug;
		};
		BC5CB42621C8223800F3DA50 /* Release */ = {
			isa = XCBuildConfiguration;
			buildSettings = {
				ALWAYS_SEARCH_USER_PATHS = NO;
				CLANG_ANALYZER_NONNULL = YES;
				CLANG_ANALYZER_NUMBER_OBJECT_CONVERSION = YES_AGGRESSIVE;
				CLANG_CXX_LANGUAGE_STANDARD = "gnu++14";
				CLANG_CXX_LIBRARY = "libc++";
				CLANG_ENABLE_MODULES = YES;
				CLANG_ENABLE_OBJC_ARC = YES;
				CLANG_ENABLE_OBJC_WEAK = YES;
				CLANG_WARN_BLOCK_CAPTURE_AUTORELEASING = YES;
				CLANG_WARN_BOOL_CONVERSION = YES;
				CLANG_WARN_COMMA = YES;
				CLANG_WARN_CONSTANT_CONVERSION = YES;
				CLANG_WARN_DEPRECATED_OBJC_IMPLEMENTATIONS = YES;
				CLANG_WARN_DIRECT_OBJC_ISA_USAGE = YES_ERROR;
				CLANG_WARN_DOCUMENTATION_COMMENTS = YES;
				CLANG_WARN_EMPTY_BODY = YES;
				CLANG_WARN_ENUM_CONVERSION = YES;
				CLANG_WARN_INFINITE_RECURSION = YES;
				CLANG_WARN_INT_CONVERSION = YES;
				CLANG_WARN_NON_LITERAL_NULL_CONVERSION = YES;
				CLANG_WARN_OBJC_IMPLICIT_RETAIN_SELF = YES;
				CLANG_WARN_OBJC_LITERAL_CONVERSION = YES;
				CLANG_WARN_OBJC_ROOT_CLASS = YES_ERROR;
				CLANG_WARN_RANGE_LOOP_ANALYSIS = YES;
				CLANG_WARN_STRICT_PROTOTYPES = YES;
				CLANG_WARN_SUSPICIOUS_MOVE = YES;
				CLANG_WARN_UNGUARDED_AVAILABILITY = YES_AGGRESSIVE;
				CLANG_WARN_UNREACHABLE_CODE = YES;
				CLANG_WARN__DUPLICATE_METHOD_MATCH = YES;
				CODE_SIGN_IDENTITY = "iPhone Developer";
				COPY_PHASE_STRIP = NO;
				DEBUG_INFORMATION_FORMAT = "dwarf-with-dsym";
				ENABLE_NS_ASSERTIONS = NO;
				ENABLE_STRICT_OBJC_MSGSEND = YES;
				GCC_C_LANGUAGE_STANDARD = gnu11;
				GCC_NO_COMMON_BLOCKS = YES;
				GCC_WARN_64_TO_32_BIT_CONVERSION = YES;
				GCC_WARN_ABOUT_RETURN_TYPE = YES_ERROR;
				GCC_WARN_UNDECLARED_SELECTOR = YES;
				GCC_WARN_UNINITIALIZED_AUTOS = YES_AGGRESSIVE;
				GCC_WARN_UNUSED_FUNCTION = YES;
				GCC_WARN_UNUSED_VARIABLE = YES;
				IPHONEOS_DEPLOYMENT_TARGET = 12.1;
				MTL_ENABLE_DEBUG_INFO = NO;
				MTL_FAST_MATH = YES;
				SDKROOT = iphoneos;
				SWIFT_COMPILATION_MODE = wholemodule;
				SWIFT_OPTIMIZATION_LEVEL = "-O";
				VALIDATE_PRODUCT = YES;
			};
			name = Release;
		};
		BC5CB42821C8223800F3DA50 /* Debug */ = {
			isa = XCBuildConfiguration;
			buildSettings = {
				ASSETCATALOG_COMPILER_APPICON_NAME = AppIcon;
				CODE_SIGN_STYLE = Automatic;
				DEVELOPMENT_TEAM = FLVD43WSG9;
				INFOPLIST_FILE = "$(SRCROOT)/The Runner/Template/Info.plist";
				LD_RUNPATH_SEARCH_PATHS = (
					"$(inherited)",
					"@executable_path/Frameworks",
				);
				PRODUCT_BUNDLE_IDENTIFIER = "com.alexgomez.The-Runner";
				PRODUCT_NAME = "$(TARGET_NAME)";
				SWIFT_VERSION = 4.2;
				TARGETED_DEVICE_FAMILY = "1,2";
			};
			name = Debug;
		};
		BC5CB42921C8223800F3DA50 /* Release */ = {
			isa = XCBuildConfiguration;
			buildSettings = {
				ASSETCATALOG_COMPILER_APPICON_NAME = AppIcon;
				CODE_SIGN_STYLE = Automatic;
				DEVELOPMENT_TEAM = FLVD43WSG9;
				INFOPLIST_FILE = "$(SRCROOT)/The Runner/Template/Info.plist";
				LD_RUNPATH_SEARCH_PATHS = (
					"$(inherited)",
					"@executable_path/Frameworks",
				);
				PRODUCT_BUNDLE_IDENTIFIER = "com.alexgomez.The-Runner";
				PRODUCT_NAME = "$(TARGET_NAME)";
				SWIFT_VERSION = 4.2;
				TARGETED_DEVICE_FAMILY = "1,2";
			};
			name = Release;
		};
/* End XCBuildConfiguration section */

/* Begin XCConfigurationList section */
		BC5CB40A21C8223600F3DA50 /* Build configuration list for PBXProject "The Runner" */ = {
			isa = XCConfigurationList;
			buildConfigurations = (
				BC5CB42521C8223800F3DA50 /* Debug */,
				BC5CB42621C8223800F3DA50 /* Release */,
			);
			defaultConfigurationIsVisible = 0;
			defaultConfigurationName = Release;
		};
		BC5CB42721C8223800F3DA50 /* Build configuration list for PBXNativeTarget "The Runner" */ = {
			isa = XCConfigurationList;
			buildConfigurations = (
				BC5CB42821C8223800F3DA50 /* Debug */,
				BC5CB42921C8223800F3DA50 /* Release */,
			);
			defaultConfigurationIsVisible = 0;
			defaultConfigurationName = Release;
		};
/* End XCConfigurationList section */
	};
	rootObject = BC5CB40721C8223600F3DA50 /* Project object */;
}
